// !$*UTF8*$!
{
	archiveVersion = 1;
	classes = {
	};
	objectVersion = 56;
	objects = {

/* Begin PBXBuildFile section */
		08A788ED297D329800C0DAF3 /* TakeHomeSimpleAppDelegate.swift in Sources */ = {isa = PBXBuildFile; fileRef = 08A788EC297D329800C0DAF3 /* TakeHomeSimpleAppDelegate.swift */; };
		08A788EF297D329800C0DAF3 /* SceneDelegate.swift in Sources */ = {isa = PBXBuildFile; fileRef = 08A788EE297D329800C0DAF3 /* SceneDelegate.swift */; };
		08A788F4297D329800C0DAF3 /* Main.storyboard in Resources */ = {isa = PBXBuildFile; fileRef = 08A788F2297D329800C0DAF3 /* Main.storyboard */; };
		08A788F6297D329900C0DAF3 /* Assets.xcassets in Resources */ = {isa = PBXBuildFile; fileRef = 08A788F5297D329900C0DAF3 /* Assets.xcassets */; };
		08A788F9297D329900C0DAF3 /* LaunchScreen.storyboard in Resources */ = {isa = PBXBuildFile; fileRef = 08A788F7297D329900C0DAF3 /* LaunchScreen.storyboard */; };
		08A7890E297D329900C0DAF3 /* TakeHomeSimpleUITests.swift in Sources */ = {isa = PBXBuildFile; fileRef = 08A7890D297D329900C0DAF3 /* TakeHomeSimpleUITests.swift */; };
		08A78910297D329900C0DAF3 /* TakeHomeSimpleUITestsLaunchTests.swift in Sources */ = {isa = PBXBuildFile; fileRef = 08A7890F297D329900C0DAF3 /* TakeHomeSimpleUITestsLaunchTests.swift */; };
		08A78920297D3F4000C0DAF3 /* employees_empty.json in Resources */ = {isa = PBXBuildFile; fileRef = 08A7891C297D3F4000C0DAF3 /* employees_empty.json */; };
		08A78921297D3F4000C0DAF3 /* employees.json in Resources */ = {isa = PBXBuildFile; fileRef = 08A7891D297D3F4000C0DAF3 /* employees.json */; };
		08A78922297D3F4000C0DAF3 /* single_employee.json in Resources */ = {isa = PBXBuildFile; fileRef = 08A7891E297D3F4000C0DAF3 /* single_employee.json */; };
		08A78923297D3F4000C0DAF3 /* employees_malformed.json in Resources */ = {isa = PBXBuildFile; fileRef = 08A7891F297D3F4000C0DAF3 /* employees_malformed.json */; };
		08A78925297DCC0F00C0DAF3 /* EmployeeTests.swift in Sources */ = {isa = PBXBuildFile; fileRef = 08A78924297DCC0F00C0DAF3 /* EmployeeTests.swift */; };
		08A78928297DCC8700C0DAF3 /* Employee.swift in Sources */ = {isa = PBXBuildFile; fileRef = 08A78927297DCC8700C0DAF3 /* Employee.swift */; };
		08A7892A297DCCD800C0DAF3 /* Bundle+TakeHomeSimpleTests.swift in Sources */ = {isa = PBXBuildFile; fileRef = 08A78929297DCCD800C0DAF3 /* Bundle+TakeHomeSimpleTests.swift */; };
		08A7892C297E0BCA00C0DAF3 /* EmployeeList.swift in Sources */ = {isa = PBXBuildFile; fileRef = 08A7892B297E0BCA00C0DAF3 /* EmployeeList.swift */; };
		08A7892E297E0C0100C0DAF3 /* EmployeeListTests.swift in Sources */ = {isa = PBXBuildFile; fileRef = 08A7892D297E0C0100C0DAF3 /* EmployeeListTests.swift */; };
		08A78930297E0DC300C0DAF3 /* FetchViewControllerTests.swift in Sources */ = {isa = PBXBuildFile; fileRef = 08A7892F297E0DC300C0DAF3 /* FetchViewControllerTests.swift */; };
		08A78934297E0E0300C0DAF3 /* EndpointPickerViewController.swift in Sources */ = {isa = PBXBuildFile; fileRef = 08A78932297E0E0300C0DAF3 /* EndpointPickerViewController.swift */; };
		08A78935297E0E0300C0DAF3 /* FetchViewController.swift in Sources */ = {isa = PBXBuildFile; fileRef = 08A78933297E0E0300C0DAF3 /* FetchViewController.swift */; };
		08A78937297E11A300C0DAF3 /* EmployeeListView.swift in Sources */ = {isa = PBXBuildFile; fileRef = 08A78936297E11A300C0DAF3 /* EmployeeListView.swift */; };
		08A7893D297E12F000C0DAF3 /* DefaultImageDataProvider.swift in Sources */ = {isa = PBXBuildFile; fileRef = 08A78939297E12F000C0DAF3 /* DefaultImageDataProvider.swift */; };
		08A7893E297E12F000C0DAF3 /* MockImageDataProvider.swift in Sources */ = {isa = PBXBuildFile; fileRef = 08A7893A297E12F000C0DAF3 /* MockImageDataProvider.swift */; };
		08A7893F297E12F000C0DAF3 /* ImageCache.swift in Sources */ = {isa = PBXBuildFile; fileRef = 08A7893B297E12F000C0DAF3 /* ImageCache.swift */; };
		08A78940297E12F000C0DAF3 /* ImageDataProvider.swift in Sources */ = {isa = PBXBuildFile; fileRef = 08A7893C297E12F000C0DAF3 /* ImageDataProvider.swift */; };
		08A78942297E180200C0DAF3 /* EmployeeView.swift in Sources */ = {isa = PBXBuildFile; fileRef = 08A78941297E180200C0DAF3 /* EmployeeView.swift */; };
		08A78944297E18D300C0DAF3 /* ImageCacheTests.swift in Sources */ = {isa = PBXBuildFile; fileRef = 08A78943297E18D300C0DAF3 /* ImageCacheTests.swift */; };
/* End PBXBuildFile section */

/* Begin PBXContainerItemProxy section */
		08A78900297D329900C0DAF3 /* PBXContainerItemProxy */ = {
			isa = PBXContainerItemProxy;
			containerPortal = 08A788E1297D329800C0DAF3 /* Project object */;
			proxyType = 1;
			remoteGlobalIDString = 08A788E8297D329800C0DAF3;
			remoteInfo = TakeHomeSimple;
		};
		08A7890A297D329900C0DAF3 /* PBXContainerItemProxy */ = {
			isa = PBXContainerItemProxy;
			containerPortal = 08A788E1297D329800C0DAF3 /* Project object */;
			proxyType = 1;
			remoteGlobalIDString = 08A788E8297D329800C0DAF3;
			remoteInfo = TakeHomeSimple;
		};
/* End PBXContainerItemProxy section */

/* Begin PBXFileReference section */
		08A788E9297D329800C0DAF3 /* TakeHomeSimple.app */ = {isa = PBXFileReference; explicitFileType = wrapper.application; includeInIndex = 0; path = TakeHomeSimple.app; sourceTree = BUILT_PRODUCTS_DIR; };
		08A788EC297D329800C0DAF3 /* TakeHomeSimpleAppDelegate.swift */ = {isa = PBXFileReference; lastKnownFileType = sourcecode.swift; path = TakeHomeSimpleAppDelegate.swift; sourceTree = "<group>"; };
		08A788EE297D329800C0DAF3 /* SceneDelegate.swift */ = {isa = PBXFileReference; lastKnownFileType = sourcecode.swift; path = SceneDelegate.swift; sourceTree = "<group>"; };
		08A788F3297D329800C0DAF3 /* Base */ = {isa = PBXFileReference; lastKnownFileType = file.storyboard; name = Base; path = Base.lproj/Main.storyboard; sourceTree = "<group>"; };
		08A788F5297D329900C0DAF3 /* Assets.xcassets */ = {isa = PBXFileReference; lastKnownFileType = folder.assetcatalog; path = Assets.xcassets; sourceTree = "<group>"; };
		08A788F8297D329900C0DAF3 /* Base */ = {isa = PBXFileReference; lastKnownFileType = file.storyboard; name = Base; path = Base.lproj/LaunchScreen.storyboard; sourceTree = "<group>"; };
		08A788FA297D329900C0DAF3 /* Info.plist */ = {isa = PBXFileReference; lastKnownFileType = text.plist.xml; path = Info.plist; sourceTree = "<group>"; };
		08A788FF297D329900C0DAF3 /* TakeHomeSimpleTests.xctest */ = {isa = PBXFileReference; explicitFileType = wrapper.cfbundle; includeInIndex = 0; path = TakeHomeSimpleTests.xctest; sourceTree = BUILT_PRODUCTS_DIR; };
		08A78909297D329900C0DAF3 /* TakeHomeSimpleUITests.xctest */ = {isa = PBXFileReference; explicitFileType = wrapper.cfbundle; includeInIndex = 0; path = TakeHomeSimpleUITests.xctest; sourceTree = BUILT_PRODUCTS_DIR; };
		08A7890D297D329900C0DAF3 /* TakeHomeSimpleUITests.swift */ = {isa = PBXFileReference; lastKnownFileType = sourcecode.swift; path = TakeHomeSimpleUITests.swift; sourceTree = "<group>"; };
		08A7890F297D329900C0DAF3 /* TakeHomeSimpleUITestsLaunchTests.swift */ = {isa = PBXFileReference; lastKnownFileType = sourcecode.swift; path = TakeHomeSimpleUITestsLaunchTests.swift; sourceTree = "<group>"; };
		08A7891C297D3F4000C0DAF3 /* employees_empty.json */ = {isa = PBXFileReference; fileEncoding = 4; lastKnownFileType = text.json; path = employees_empty.json; sourceTree = "<group>"; };
		08A7891D297D3F4000C0DAF3 /* employees.json */ = {isa = PBXFileReference; fileEncoding = 4; lastKnownFileType = text.json; path = employees.json; sourceTree = "<group>"; };
		08A7891E297D3F4000C0DAF3 /* single_employee.json */ = {isa = PBXFileReference; fileEncoding = 4; lastKnownFileType = text.json; path = single_employee.json; sourceTree = "<group>"; };
		08A7891F297D3F4000C0DAF3 /* employees_malformed.json */ = {isa = PBXFileReference; fileEncoding = 4; lastKnownFileType = text.json; path = employees_malformed.json; sourceTree = "<group>"; };
		08A78924297DCC0F00C0DAF3 /* EmployeeTests.swift */ = {isa = PBXFileReference; fileEncoding = 4; lastKnownFileType = sourcecode.swift; path = EmployeeTests.swift; sourceTree = "<group>"; };
		08A78927297DCC8700C0DAF3 /* Employee.swift */ = {isa = PBXFileReference; fileEncoding = 4; lastKnownFileType = sourcecode.swift; path = Employee.swift; sourceTree = "<group>"; };
		08A78929297DCCD800C0DAF3 /* Bundle+TakeHomeSimpleTests.swift */ = {isa = PBXFileReference; fileEncoding = 4; lastKnownFileType = sourcecode.swift; path = "Bundle+TakeHomeSimpleTests.swift"; sourceTree = "<group>"; };
		08A7892B297E0BCA00C0DAF3 /* EmployeeList.swift */ = {isa = PBXFileReference; fileEncoding = 4; lastKnownFileType = sourcecode.swift; path = EmployeeList.swift; sourceTree = "<group>"; };
		08A7892D297E0C0100C0DAF3 /* EmployeeListTests.swift */ = {isa = PBXFileReference; fileEncoding = 4; lastKnownFileType = sourcecode.swift; path = EmployeeListTests.swift; sourceTree = "<group>"; };
		08A7892F297E0DC300C0DAF3 /* FetchViewControllerTests.swift */ = {isa = PBXFileReference; fileEncoding = 4; lastKnownFileType = sourcecode.swift; path = FetchViewControllerTests.swift; sourceTree = "<group>"; };
		08A78932297E0E0300C0DAF3 /* EndpointPickerViewController.swift */ = {isa = PBXFileReference; fileEncoding = 4; lastKnownFileType = sourcecode.swift; path = EndpointPickerViewController.swift; sourceTree = "<group>"; };
		08A78933297E0E0300C0DAF3 /* FetchViewController.swift */ = {isa = PBXFileReference; fileEncoding = 4; lastKnownFileType = sourcecode.swift; path = FetchViewController.swift; sourceTree = "<group>"; };
		08A78936297E11A300C0DAF3 /* EmployeeListView.swift */ = {isa = PBXFileReference; fileEncoding = 4; lastKnownFileType = sourcecode.swift; path = EmployeeListView.swift; sourceTree = "<group>"; };
		08A78939297E12F000C0DAF3 /* DefaultImageDataProvider.swift */ = {isa = PBXFileReference; fileEncoding = 4; lastKnownFileType = sourcecode.swift; path = DefaultImageDataProvider.swift; sourceTree = "<group>"; };
		08A7893A297E12F000C0DAF3 /* MockImageDataProvider.swift */ = {isa = PBXFileReference; fileEncoding = 4; lastKnownFileType = sourcecode.swift; path = MockImageDataProvider.swift; sourceTree = "<group>"; };
		08A7893B297E12F000C0DAF3 /* ImageCache.swift */ = {isa = PBXFileReference; fileEncoding = 4; lastKnownFileType = sourcecode.swift; path = ImageCache.swift; sourceTree = "<group>"; };
		08A7893C297E12F000C0DAF3 /* ImageDataProvider.swift */ = {isa = PBXFileReference; fileEncoding = 4; lastKnownFileType = sourcecode.swift; path = ImageDataProvider.swift; sourceTree = "<group>"; };
		08A78941297E180200C0DAF3 /* EmployeeView.swift */ = {isa = PBXFileReference; fileEncoding = 4; lastKnownFileType = sourcecode.swift; path = EmployeeView.swift; sourceTree = "<group>"; };
		08A78943297E18D300C0DAF3 /* ImageCacheTests.swift */ = {isa = PBXFileReference; fileEncoding = 4; lastKnownFileType = sourcecode.swift; path = ImageCacheTests.swift; sourceTree = "<group>"; };
/* End PBXFileReference section */

/* Begin PBXFrameworksBuildPhase section */
		08A788E6297D329800C0DAF3 /* Frameworks */ = {
			isa = PBXFrameworksBuildPhase;
			buildActionMask = 2147483647;
			files = (
			);
			runOnlyForDeploymentPostprocessing = 0;
		};
		08A788FC297D329900C0DAF3 /* Frameworks */ = {
			isa = PBXFrameworksBuildPhase;
			buildActionMask = 2147483647;
			files = (
			);
			runOnlyForDeploymentPostprocessing = 0;
		};
		08A78906297D329900C0DAF3 /* Frameworks */ = {
			isa = PBXFrameworksBuildPhase;
			buildActionMask = 2147483647;
			files = (
			);
			runOnlyForDeploymentPostprocessing = 0;
		};
/* End PBXFrameworksBuildPhase section */

/* Begin PBXGroup section */
		08A788E0297D329800C0DAF3 = {
			isa = PBXGroup;
			children = (
				08A788EB297D329800C0DAF3 /* TakeHomeSimple */,
				08A78902297D329900C0DAF3 /* TakeHomeSimpleTests */,
				08A7890C297D329900C0DAF3 /* TakeHomeSimpleUITests */,
				08A788EA297D329800C0DAF3 /* Products */,
			);
			sourceTree = "<group>";
		};
		08A788EA297D329800C0DAF3 /* Products */ = {
			isa = PBXGroup;
			children = (
				08A788E9297D329800C0DAF3 /* TakeHomeSimple.app */,
				08A788FF297D329900C0DAF3 /* TakeHomeSimpleTests.xctest */,
				08A78909297D329900C0DAF3 /* TakeHomeSimpleUITests.xctest */,
			);
			name = Products;
			sourceTree = "<group>";
		};
		08A788EB297D329800C0DAF3 /* TakeHomeSimple */ = {
			isa = PBXGroup;
			children = (
				08A78938297E12D500C0DAF3 /* Image Cache */,
				08A78926297DCC6300C0DAF3 /* Model */,
				08A78931297E0DE900C0DAF3 /* UI */,
				08A788EC297D329800C0DAF3 /* TakeHomeSimpleAppDelegate.swift */,
				08A788EE297D329800C0DAF3 /* SceneDelegate.swift */,
				08A788F2297D329800C0DAF3 /* Main.storyboard */,
				08A788F5297D329900C0DAF3 /* Assets.xcassets */,
				08A788F7297D329900C0DAF3 /* LaunchScreen.storyboard */,
				08A788FA297D329900C0DAF3 /* Info.plist */,
			);
			path = TakeHomeSimple;
			sourceTree = "<group>";
		};
		08A78902297D329900C0DAF3 /* TakeHomeSimpleTests */ = {
			isa = PBXGroup;
			children = (
				08A78929297DCCD800C0DAF3 /* Bundle+TakeHomeSimpleTests.swift */,
				08A7892D297E0C0100C0DAF3 /* EmployeeListTests.swift */,
				08A7891C297D3F4000C0DAF3 /* employees_empty.json */,
				08A7891F297D3F4000C0DAF3 /* employees_malformed.json */,
				08A7891D297D3F4000C0DAF3 /* employees.json */,
				08A78924297DCC0F00C0DAF3 /* EmployeeTests.swift */,
				08A7892F297E0DC300C0DAF3 /* FetchViewControllerTests.swift */,
				08A78943297E18D300C0DAF3 /* ImageCacheTests.swift */,
				08A7891E297D3F4000C0DAF3 /* single_employee.json */,
			);
			path = TakeHomeSimpleTests;
			sourceTree = "<group>";
		};
		08A7890C297D329900C0DAF3 /* TakeHomeSimpleUITests */ = {
			isa = PBXGroup;
			children = (
				08A7890D297D329900C0DAF3 /* TakeHomeSimpleUITests.swift */,
				08A7890F297D329900C0DAF3 /* TakeHomeSimpleUITestsLaunchTests.swift */,
			);
			path = TakeHomeSimpleUITests;
			sourceTree = "<group>";
		};
		08A78926297DCC6300C0DAF3 /* Model */ = {
			isa = PBXGroup;
			children = (
				08A78927297DCC8700C0DAF3 /* Employee.swift */,
				08A7892B297E0BCA00C0DAF3 /* EmployeeList.swift */,
			);
			path = Model;
			sourceTree = "<group>";
		};
		08A78931297E0DE900C0DAF3 /* UI */ = {
			isa = PBXGroup;
			children = (
				08A78936297E11A300C0DAF3 /* EmployeeListView.swift */,
				08A78941297E180200C0DAF3 /* EmployeeView.swift */,
				08A78932297E0E0300C0DAF3 /* EndpointPickerViewController.swift */,
				08A78933297E0E0300C0DAF3 /* FetchViewController.swift */,
			);
			path = UI;
			sourceTree = "<group>";
		};
		08A78938297E12D500C0DAF3 /* Image Cache */ = {
			isa = PBXGroup;
			children = (
				08A78939297E12F000C0DAF3 /* DefaultImageDataProvider.swift */,
				08A7893B297E12F000C0DAF3 /* ImageCache.swift */,
				08A7893C297E12F000C0DAF3 /* ImageDataProvider.swift */,
				08A7893A297E12F000C0DAF3 /* MockImageDataProvider.swift */,
			);
			path = "Image Cache";
			sourceTree = "<group>";
		};
/* End PBXGroup section */

/* Begin PBXNativeTarget section */
		08A788E8297D329800C0DAF3 /* TakeHomeSimple */ = {
			isa = PBXNativeTarget;
			buildConfigurationList = 08A78913297D329900C0DAF3 /* Build configuration list for PBXNativeTarget "TakeHomeSimple" */;
			buildPhases = (
				08A788E5297D329800C0DAF3 /* Sources */,
				08A788E6297D329800C0DAF3 /* Frameworks */,
				08A788E7297D329800C0DAF3 /* Resources */,
			);
			buildRules = (
			);
			dependencies = (
			);
			name = TakeHomeSimple;
			productName = TakeHomeSimple;
			productReference = 08A788E9297D329800C0DAF3 /* TakeHomeSimple.app */;
			productType = "com.apple.product-type.application";
		};
		08A788FE297D329900C0DAF3 /* TakeHomeSimpleTests */ = {
			isa = PBXNativeTarget;
			buildConfigurationList = 08A78916297D329900C0DAF3 /* Build configuration list for PBXNativeTarget "TakeHomeSimpleTests" */;
			buildPhases = (
				08A788FB297D329900C0DAF3 /* Sources */,
				08A788FC297D329900C0DAF3 /* Frameworks */,
				08A788FD297D329900C0DAF3 /* Resources */,
			);
			buildRules = (
			);
			dependencies = (
				08A78901297D329900C0DAF3 /* PBXTargetDependency */,
			);
			name = TakeHomeSimpleTests;
			productName = TakeHomeSimpleTests;
			productReference = 08A788FF297D329900C0DAF3 /* TakeHomeSimpleTests.xctest */;
			productType = "com.apple.product-type.bundle.unit-test";
		};
		08A78908297D329900C0DAF3 /* TakeHomeSimpleUITests */ = {
			isa = PBXNativeTarget;
			buildConfigurationList = 08A78919297D329900C0DAF3 /* Build configuration list for PBXNativeTarget "TakeHomeSimpleUITests" */;
			buildPhases = (
				08A78905297D329900C0DAF3 /* Sources */,
				08A78906297D329900C0DAF3 /* Frameworks */,
				08A78907297D329900C0DAF3 /* Resources */,
			);
			buildRules = (
			);
			dependencies = (
				08A7890B297D329900C0DAF3 /* PBXTargetDependency */,
			);
			name = TakeHomeSimpleUITests;
			productName = TakeHomeSimpleUITests;
			productReference = 08A78909297D329900C0DAF3 /* TakeHomeSimpleUITests.xctest */;
			productType = "com.apple.product-type.bundle.ui-testing";
		};
/* End PBXNativeTarget section */

/* Begin PBXProject section */
		08A788E1297D329800C0DAF3 /* Project object */ = {
			isa = PBXProject;
			attributes = {
				BuildIndependentTargetsInParallel = 1;
				LastSwiftUpdateCheck = 1420;
				LastUpgradeCheck = 1420;
				TargetAttributes = {
					08A788E8297D329800C0DAF3 = {
						CreatedOnToolsVersion = 14.2;
					};
					08A788FE297D329900C0DAF3 = {
						CreatedOnToolsVersion = 14.2;
						TestTargetID = 08A788E8297D329800C0DAF3;
					};
					08A78908297D329900C0DAF3 = {
						CreatedOnToolsVersion = 14.2;
						TestTargetID = 08A788E8297D329800C0DAF3;
					};
				};
			};
			buildConfigurationList = 08A788E4297D329800C0DAF3 /* Build configuration list for PBXProject "TakeHomeSimple" */;
			compatibilityVersion = "Xcode 14.0";
			developmentRegion = en;
			hasScannedForEncodings = 0;
			knownRegions = (
				en,
				Base,
			);
			mainGroup = 08A788E0297D329800C0DAF3;
			productRefGroup = 08A788EA297D329800C0DAF3 /* Products */;
			projectDirPath = "";
			projectRoot = "";
			targets = (
				08A788E8297D329800C0DAF3 /* TakeHomeSimple */,
				08A788FE297D329900C0DAF3 /* TakeHomeSimpleTests */,
				08A78908297D329900C0DAF3 /* TakeHomeSimpleUITests */,
			);
		};
/* End PBXProject section */

/* Begin PBXResourcesBuildPhase section */
		08A788E7297D329800C0DAF3 /* Resources */ = {
			isa = PBXResourcesBuildPhase;
			buildActionMask = 2147483647;
			files = (
				08A788F9297D329900C0DAF3 /* LaunchScreen.storyboard in Resources */,
				08A788F6297D329900C0DAF3 /* Assets.xcassets in Resources */,
				08A788F4297D329800C0DAF3 /* Main.storyboard in Resources */,
			);
			runOnlyForDeploymentPostprocessing = 0;
		};
		08A788FD297D329900C0DAF3 /* Resources */ = {
			isa = PBXResourcesBuildPhase;
			buildActionMask = 2147483647;
			files = (
				08A78920297D3F4000C0DAF3 /* employees_empty.json in Resources */,
				08A78923297D3F4000C0DAF3 /* employees_malformed.json in Resources */,
				08A78921297D3F4000C0DAF3 /* employees.json in Resources */,
				08A78922297D3F4000C0DAF3 /* single_employee.json in Resources */,
			);
			runOnlyForDeploymentPostprocessing = 0;
		};
		08A78907297D329900C0DAF3 /* Resources */ = {
			isa = PBXResourcesBuildPhase;
			buildActionMask = 2147483647;
			files = (
			);
			runOnlyForDeploymentPostprocessing = 0;
		};
/* End PBXResourcesBuildPhase section */

/* Begin PBXSourcesBuildPhase section */
		08A788E5297D329800C0DAF3 /* Sources */ = {
			isa = PBXSourcesBuildPhase;
			buildActionMask = 2147483647;
			files = (
				08A7893F297E12F000C0DAF3 /* ImageCache.swift in Sources */,
				08A78928297DCC8700C0DAF3 /* Employee.swift in Sources */,
				08A78937297E11A300C0DAF3 /* EmployeeListView.swift in Sources */,
				08A7892C297E0BCA00C0DAF3 /* EmployeeList.swift in Sources */,
				08A78942297E180200C0DAF3 /* EmployeeView.swift in Sources */,
				08A78940297E12F000C0DAF3 /* ImageDataProvider.swift in Sources */,
				08A7893E297E12F000C0DAF3 /* MockImageDataProvider.swift in Sources */,
				08A788ED297D329800C0DAF3 /* TakeHomeSimpleAppDelegate.swift in Sources */,
				08A788EF297D329800C0DAF3 /* SceneDelegate.swift in Sources */,
				08A78934297E0E0300C0DAF3 /* EndpointPickerViewController.swift in Sources */,
				08A7893D297E12F000C0DAF3 /* DefaultImageDataProvider.swift in Sources */,
				08A78935297E0E0300C0DAF3 /* FetchViewController.swift in Sources */,
			);
			runOnlyForDeploymentPostprocessing = 0;
		};
		08A788FB297D329900C0DAF3 /* Sources */ = {
			isa = PBXSourcesBuildPhase;
			buildActionMask = 2147483647;
			files = (
				08A7892A297DCCD800C0DAF3 /* Bundle+TakeHomeSimpleTests.swift in Sources */,
				08A7892E297E0C0100C0DAF3 /* EmployeeListTests.swift in Sources */,
				08A78925297DCC0F00C0DAF3 /* EmployeeTests.swift in Sources */,
				08A78944297E18D300C0DAF3 /* ImageCacheTests.swift in Sources */,
				08A78930297E0DC300C0DAF3 /* FetchViewControllerTests.swift in Sources */,
			);
			runOnlyForDeploymentPostprocessing = 0;
		};
		08A78905297D329900C0DAF3 /* Sources */ = {
			isa = PBXSourcesBuildPhase;
			buildActionMask = 2147483647;
			files = (
				08A78910297D329900C0DAF3 /* TakeHomeSimpleUITestsLaunchTests.swift in Sources */,
				08A7890E297D329900C0DAF3 /* TakeHomeSimpleUITests.swift in Sources */,
			);
			runOnlyForDeploymentPostprocessing = 0;
		};
/* End PBXSourcesBuildPhase section */

/* Begin PBXTargetDependency section */
		08A78901297D329900C0DAF3 /* PBXTargetDependency */ = {
			isa = PBXTargetDependency;
			target = 08A788E8297D329800C0DAF3 /* TakeHomeSimple */;
			targetProxy = 08A78900297D329900C0DAF3 /* PBXContainerItemProxy */;
		};
		08A7890B297D329900C0DAF3 /* PBXTargetDependency */ = {
			isa = PBXTargetDependency;
			target = 08A788E8297D329800C0DAF3 /* TakeHomeSimple */;
			targetProxy = 08A7890A297D329900C0DAF3 /* PBXContainerItemProxy */;
		};
/* End PBXTargetDependency section */

/* Begin PBXVariantGroup section */
		08A788F2297D329800C0DAF3 /* Main.storyboard */ = {
			isa = PBXVariantGroup;
			children = (
				08A788F3297D329800C0DAF3 /* Base */,
			);
			name = Main.storyboard;
			sourceTree = "<group>";
		};
		08A788F7297D329900C0DAF3 /* LaunchScreen.storyboard */ = {
			isa = PBXVariantGroup;
			children = (
				08A788F8297D329900C0DAF3 /* Base */,
			);
			name = LaunchScreen.storyboard;
			sourceTree = "<group>";
		};
/* End PBXVariantGroup section */

/* Begin XCBuildConfiguration section */
		08A78911297D329900C0DAF3 /* Debug */ = {
			isa = XCBuildConfiguration;
			buildSettings = {
				ALWAYS_SEARCH_USER_PATHS = NO;
				CLANG_ANALYZER_NONNULL = YES;
				CLANG_ANALYZER_NUMBER_OBJECT_CONVERSION = YES_AGGRESSIVE;
				CLANG_CXX_LANGUAGE_STANDARD = "gnu++20";
				CLANG_ENABLE_MODULES = YES;
				CLANG_ENABLE_OBJC_ARC = YES;
				CLANG_ENABLE_OBJC_WEAK = YES;
				CLANG_WARN_BLOCK_CAPTURE_AUTORELEASING = YES;
				CLANG_WARN_BOOL_CONVERSION = YES;
				CLANG_WARN_COMMA = YES;
				CLANG_WARN_CONSTANT_CONVERSION = YES;
				CLANG_WARN_DEPRECATED_OBJC_IMPLEMENTATIONS = YES;
				CLANG_WARN_DIRECT_OBJC_ISA_USAGE = YES_ERROR;
				CLANG_WARN_DOCUMENTATION_COMMENTS = YES;
				CLANG_WARN_EMPTY_BODY = YES;
				CLANG_WARN_ENUM_CONVERSION = YES;
				CLANG_WARN_INFINITE_RECURSION = YES;
				CLANG_WARN_INT_CONVERSION = YES;
				CLANG_WARN_NON_LITERAL_NULL_CONVERSION = YES;
				CLANG_WARN_OBJC_IMPLICIT_RETAIN_SELF = YES;
				CLANG_WARN_OBJC_LITERAL_CONVERSION = YES;
				CLANG_WARN_OBJC_ROOT_CLASS = YES_ERROR;
				CLANG_WARN_QUOTED_INCLUDE_IN_FRAMEWORK_HEADER = YES;
				CLANG_WARN_RANGE_LOOP_ANALYSIS = YES;
				CLANG_WARN_STRICT_PROTOTYPES = YES;
				CLANG_WARN_SUSPICIOUS_MOVE = YES;
				CLANG_WARN_UNGUARDED_AVAILABILITY = YES_AGGRESSIVE;
				CLANG_WARN_UNREACHABLE_CODE = YES;
				CLANG_WARN__DUPLICATE_METHOD_MATCH = YES;
				COPY_PHASE_STRIP = NO;
				DEBUG_INFORMATION_FORMAT = dwarf;
				ENABLE_STRICT_OBJC_MSGSEND = YES;
				ENABLE_TESTABILITY = YES;
				GCC_C_LANGUAGE_STANDARD = gnu11;
				GCC_DYNAMIC_NO_PIC = NO;
				GCC_NO_COMMON_BLOCKS = YES;
				GCC_OPTIMIZATION_LEVEL = 0;
				GCC_PREPROCESSOR_DEFINITIONS = (
					"DEBUG=1",
					"$(inherited)",
				);
				GCC_WARN_64_TO_32_BIT_CONVERSION = YES;
				GCC_WARN_ABOUT_RETURN_TYPE = YES_ERROR;
				GCC_WARN_UNDECLARED_SELECTOR = YES;
				GCC_WARN_UNINITIALIZED_AUTOS = YES_AGGRESSIVE;
				GCC_WARN_UNUSED_FUNCTION = YES;
				GCC_WARN_UNUSED_VARIABLE = YES;
				IPHONEOS_DEPLOYMENT_TARGET = 16.2;
				MTL_ENABLE_DEBUG_INFO = INCLUDE_SOURCE;
				MTL_FAST_MATH = YES;
				ONLY_ACTIVE_ARCH = YES;
				SDKROOT = iphoneos;
				SWIFT_ACTIVE_COMPILATION_CONDITIONS = DEBUG;
				SWIFT_OPTIMIZATION_LEVEL = "-Onone";
			};
			name = Debug;
		};
		08A78912297D329900C0DAF3 /* Release */ = {
			isa = XCBuildConfiguration;
			buildSettings = {
				ALWAYS_SEARCH_USER_PATHS = NO;
				CLANG_ANALYZER_NONNULL = YES;
				CLANG_ANALYZER_NUMBER_OBJECT_CONVERSION = YES_AGGRESSIVE;
				CLANG_CXX_LANGUAGE_STANDARD = "gnu++20";
				CLANG_ENABLE_MODULES = YES;
				CLANG_ENABLE_OBJC_ARC = YES;
				CLANG_ENABLE_OBJC_WEAK = YES;
				CLANG_WARN_BLOCK_CAPTURE_AUTORELEASING = YES;
				CLANG_WARN_BOOL_CONVERSION = YES;
				CLANG_WARN_COMMA = YES;
				CLANG_WARN_CONSTANT_CONVERSION = YES;
				CLANG_WARN_DEPRECATED_OBJC_IMPLEMENTATIONS = YES;
				CLANG_WARN_DIRECT_OBJC_ISA_USAGE = YES_ERROR;
				CLANG_WARN_DOCUMENTATION_COMMENTS = YES;
				CLANG_WARN_EMPTY_BODY = YES;
				CLANG_WARN_ENUM_CONVERSION = YES;
				CLANG_WARN_INFINITE_RECURSION = YES;
				CLANG_WARN_INT_CONVERSION = YES;
				CLANG_WARN_NON_LITERAL_NULL_CONVERSION = YES;
				CLANG_WARN_OBJC_IMPLICIT_RETAIN_SELF = YES;
				CLANG_WARN_OBJC_LITERAL_CONVERSION = YES;
				CLANG_WARN_OBJC_ROOT_CLASS = YES_ERROR;
				CLANG_WARN_QUOTED_INCLUDE_IN_FRAMEWORK_HEADER = YES;
				CLANG_WARN_RANGE_LOOP_ANALYSIS = YES;
				CLANG_WARN_STRICT_PROTOTYPES = YES;
				CLANG_WARN_SUSPICIOUS_MOVE = YES;
				CLANG_WARN_UNGUARDED_AVAILABILITY = YES_AGGRESSIVE;
				CLANG_WARN_UNREACHABLE_CODE = YES;
				CLANG_WARN__DUPLICATE_METHOD_MATCH = YES;
				COPY_PHASE_STRIP = NO;
				DEBUG_INFORMATION_FORMAT = "dwarf-with-dsym";
				ENABLE_NS_ASSERTIONS = NO;
				ENABLE_STRICT_OBJC_MSGSEND = YES;
				GCC_C_LANGUAGE_STANDARD = gnu11;
				GCC_NO_COMMON_BLOCKS = YES;
				GCC_WARN_64_TO_32_BIT_CONVERSION = YES;
				GCC_WARN_ABOUT_RETURN_TYPE = YES_ERROR;
				GCC_WARN_UNDECLARED_SELECTOR = YES;
				GCC_WARN_UNINITIALIZED_AUTOS = YES_AGGRESSIVE;
				GCC_WARN_UNUSED_FUNCTION = YES;
				GCC_WARN_UNUSED_VARIABLE = YES;
				IPHONEOS_DEPLOYMENT_TARGET = 16.2;
				MTL_ENABLE_DEBUG_INFO = NO;
				MTL_FAST_MATH = YES;
				SDKROOT = iphoneos;
				SWIFT_COMPILATION_MODE = wholemodule;
				SWIFT_OPTIMIZATION_LEVEL = "-O";
				VALIDATE_PRODUCT = YES;
			};
			name = Release;
		};
		08A78914297D329900C0DAF3 /* Debug */ = {
			isa = XCBuildConfiguration;
			buildSettings = {
				ASSETCATALOG_COMPILER_APPICON_NAME = AppIcon;
				ASSETCATALOG_COMPILER_GLOBAL_ACCENT_COLOR_NAME = AccentColor;
				CODE_SIGN_STYLE = Automatic;
				CURRENT_PROJECT_VERSION = 1;
				DEVELOPMENT_TEAM = Z9CT6RNR4G;
				GENERATE_INFOPLIST_FILE = YES;
				INFOPLIST_FILE = TakeHomeSimple/Info.plist;
				INFOPLIST_KEY_UIApplicationSupportsIndirectInputEvents = YES;
				INFOPLIST_KEY_UILaunchStoryboardName = LaunchScreen;
				INFOPLIST_KEY_UIMainStoryboardFile = Main;
				INFOPLIST_KEY_UISupportedInterfaceOrientations_iPad = "UIInterfaceOrientationPortrait UIInterfaceOrientationPortraitUpsideDown UIInterfaceOrientationLandscapeLeft UIInterfaceOrientationLandscapeRight";
				INFOPLIST_KEY_UISupportedInterfaceOrientations_iPhone = "UIInterfaceOrientationPortrait UIInterfaceOrientationLandscapeLeft UIInterfaceOrientationLandscapeRight";
				LD_RUNPATH_SEARCH_PATHS = (
					"$(inherited)",
					"@executable_path/Frameworks",
				);
				MARKETING_VERSION = 1.0;
				PRODUCT_BUNDLE_IDENTIFIER = com.oscarmv.TakeHomeSimple;
				PRODUCT_NAME = "$(TARGET_NAME)";
				SWIFT_EMIT_LOC_STRINGS = YES;
				SWIFT_VERSION = 5.0;
				TARGETED_DEVICE_FAMILY = "1,2";
			};
			name = Debug;
		};
		08A78915297D329900C0DAF3 /* Release */ = {
			isa = XCBuildConfiguration;
			buildSettings = {
				ASSETCATALOG_COMPILER_APPICON_NAME = AppIcon;
				ASSETCATALOG_COMPILER_GLOBAL_ACCENT_COLOR_NAME = AccentColor;
				CODE_SIGN_STYLE = Automatic;
				CURRENT_PROJECT_VERSION = 1;
				DEVELOPMENT_TEAM = Z9CT6RNR4G;
				GENERATE_INFOPLIST_FILE = YES;
				INFOPLIST_FILE = TakeHomeSimple/Info.plist;
				INFOPLIST_KEY_UIApplicationSupportsIndirectInputEvents = YES;
				INFOPLIST_KEY_UILaunchStoryboardName = LaunchScreen;
				INFOPLIST_KEY_UIMainStoryboardFile = Main;
				INFOPLIST_KEY_UISupportedInterfaceOrientations_iPad = "UIInterfaceOrientationPortrait UIInterfaceOrientationPortraitUpsideDown UIInterfaceOrientationLandscapeLeft UIInterfaceOrientationLandscapeRight";
				INFOPLIST_KEY_UISupportedInterfaceOrientations_iPhone = "UIInterfaceOrientationPortrait UIInterfaceOrientationLandscapeLeft UIInterfaceOrientationLandscapeRight";
				LD_RUNPATH_SEARCH_PATHS = (
					"$(inherited)",
					"@executable_path/Frameworks",
				);
				MARKETING_VERSION = 1.0;
				PRODUCT_BUNDLE_IDENTIFIER = com.oscarmv.TakeHomeSimple;
				PRODUCT_NAME = "$(TARGET_NAME)";
				SWIFT_EMIT_LOC_STRINGS = YES;
				SWIFT_VERSION = 5.0;
				TARGETED_DEVICE_FAMILY = "1,2";
			};
			name = Release;
		};
		08A78917297D329900C0DAF3 /* Debug */ = {
			isa = XCBuildConfiguration;
			buildSettings = {
				ALWAYS_EMBED_SWIFT_STANDARD_LIBRARIES = YES;
				BUNDLE_LOADER = "$(TEST_HOST)";
				CODE_SIGN_STYLE = Automatic;
				CURRENT_PROJECT_VERSION = 1;
				DEVELOPMENT_TEAM = Z9CT6RNR4G;
				GENERATE_INFOPLIST_FILE = YES;
				IPHONEOS_DEPLOYMENT_TARGET = 16.2;
				MARKETING_VERSION = 1.0;
				PRODUCT_BUNDLE_IDENTIFIER = com.oscarmv.TakeHomeSimpleTests;
				PRODUCT_NAME = "$(TARGET_NAME)";
				SWIFT_EMIT_LOC_STRINGS = NO;
				SWIFT_VERSION = 5.0;
				TARGETED_DEVICE_FAMILY = "1,2";
				TEST_HOST = "$(BUILT_PRODUCTS_DIR)/TakeHomeSimple.app/$(BUNDLE_EXECUTABLE_FOLDER_PATH)/TakeHomeSimple";
			};
			name = Debug;
		};
		08A78918297D329900C0DAF3 /* Release */ = {
			isa = XCBuildConfiguration;
			buildSettings = {
				ALWAYS_EMBED_SWIFT_STANDARD_LIBRARIES = YES;
				BUNDLE_LOADER = "$(TEST_HOST)";
				CODE_SIGN_STYLE = Automatic;
				CURRENT_PROJECT_VERSION = 1;
				DEVELOPMENT_TEAM = Z9CT6RNR4G;
				GENERATE_INFOPLIST_FILE = YES;
				IPHONEOS_DEPLOYMENT_TARGET = 16.2;
				MARKETING_VERSION = 1.0;
				PRODUCT_BUNDLE_IDENTIFIER = com.oscarmv.TakeHomeSimpleTests;
				PRODUCT_NAME = "$(TARGET_NAME)";
				SWIFT_EMIT_LOC_STRINGS = NO;
				SWIFT_VERSION = 5.0;
				TARGETED_DEVICE_FAMILY = "1,2";
				TEST_HOST = "$(BUILT_PRODUCTS_DIR)/TakeHomeSimple.app/$(BUNDLE_EXECUTABLE_FOLDER_PATH)/TakeHomeSimple";
			};
			name = Release;
		};
		08A7891A297D329900C0DAF3 /* Debug */ = {
			isa = XCBuildConfiguration;
			buildSettings = {
				ALWAYS_EMBED_SWIFT_STANDARD_LIBRARIES = YES;
				CODE_SIGN_STYLE = Automatic;
				CURRENT_PROJECT_VERSION = 1;
				DEVELOPMENT_TEAM = Z9CT6RNR4G;
				GENERATE_INFOPLIST_FILE = YES;
				MARKETING_VERSION = 1.0;
				PRODUCT_BUNDLE_IDENTIFIER = com.oscarmv.TakeHomeSimpleUITests;
				PRODUCT_NAME = "$(TARGET_NAME)";
				SWIFT_EMIT_LOC_STRINGS = NO;
				SWIFT_VERSION = 5.0;
				TARGETED_DEVICE_FAMILY = "1,2";
				TEST_TARGET_NAME = TakeHomeSimple;
			};
			name = Debug;
		};
		08A7891B297D329900C0DAF3 /* Release */ = {
			isa = XCBuildConfiguration;
			buildSettings = {
				ALWAYS_EMBED_SWIFT_STANDARD_LIBRARIES = YES;
				CODE_SIGN_STYLE = Automatic;
				CURRENT_PROJECT_VERSION = 1;
				DEVELOPMENT_TEAM = Z9CT6RNR4G;
				GENERATE_INFOPLIST_FILE = YES;
				MARKETING_VERSION = 1.0;
				PRODUCT_BUNDLE_IDENTIFIER = com.oscarmv.TakeHomeSimpleUITests;
				PRODUCT_NAME = "$(TARGET_NAME)";
				SWIFT_EMIT_LOC_STRINGS = NO;
				SWIFT_VERSION = 5.0;
				TARGETED_DEVICE_FAMILY = "1,2";
				TEST_TARGET_NAME = TakeHomeSimple;
			};
			name = Release;
		};
/* End XCBuildConfiguration section */

/* Begin XCConfigurationList section */
		08A788E4297D329800C0DAF3 /* Build configuration list for PBXProject "TakeHomeSimple" */ = {
			isa = XCConfigurationList;
			buildConfigurations = (
				08A78911297D329900C0DAF3 /* Debug */,
				08A78912297D329900C0DAF3 /* Release */,
			);
			defaultConfigurationIsVisible = 0;
			defaultConfigurationName = Release;
		};
		08A78913297D329900C0DAF3 /* Build configuration list for PBXNativeTarget "TakeHomeSimple" */ = {
			isa = XCConfigurationList;
			buildConfigurations = (
				08A78914297D329900C0DAF3 /* Debug */,
				08A78915297D329900C0DAF3 /* Release */,
			);
			defaultConfigurationIsVisible = 0;
			defaultConfigurationName = Release;
		};
		08A78916297D329900C0DAF3 /* Build configuration list for PBXNativeTarget "TakeHomeSimpleTests" */ = {
			isa = XCConfigurationList;
			buildConfigurations = (
				08A78917297D329900C0DAF3 /* Debug */,
				08A78918297D329900C0DAF3 /* Release */,
			);
			defaultConfigurationIsVisible = 0;
			defaultConfigurationName = Release;
		};
		08A78919297D329900C0DAF3 /* Build configuration list for PBXNativeTarget "TakeHomeSimpleUITests" */ = {
			isa = XCConfigurationList;
			buildConfigurations = (
				08A7891A297D329900C0DAF3 /* Debug */,
				08A7891B297D329900C0DAF3 /* Release */,
			);
			defaultConfigurationIsVisible = 0;
			defaultConfigurationName = Release;
		};
/* End XCConfigurationList section */
	};
	rootObject = 08A788E1297D329800C0DAF3 /* Project object */;
}
